// !$*UTF8*$!
{
	archiveVersion = 1;
	classes = {
	};
	objectVersion = 50;
	objects = {

/* Begin PBXBuildFile section */
		7C8C67D8225FD2F9000116B3 /* AppDelegate.swift in Sources */ = {isa = PBXBuildFile; fileRef = 7C8C67D7225FD2F9000116B3 /* AppDelegate.swift */; };
		7C8C67DD225FD2F9000116B3 /* Main.storyboard in Resources */ = {isa = PBXBuildFile; fileRef = 7C8C67DB225FD2F9000116B3 /* Main.storyboard */; };
		7C8C67DF225FD2FA000116B3 /* Assets.xcassets in Resources */ = {isa = PBXBuildFile; fileRef = 7C8C67DE225FD2FA000116B3 /* Assets.xcassets */; };
		7C8C67E2225FD2FA000116B3 /* LaunchScreen.storyboard in Resources */ = {isa = PBXBuildFile; fileRef = 7C8C67E0225FD2FA000116B3 /* LaunchScreen.storyboard */; };
		7C8C67EB225FD586000116B3 /* Movie.swift in Sources */ = {isa = PBXBuildFile; fileRef = 7C8C67EA225FD586000116B3 /* Movie.swift */; };
		7C8C67EE225FD5CE000116B3 /* MovieDetails.swift in Sources */ = {isa = PBXBuildFile; fileRef = 7C8C67ED225FD5CE000116B3 /* MovieDetails.swift */; };
		7C8C67F0225FD61F000116B3 /* MovieCategory.swift in Sources */ = {isa = PBXBuildFile; fileRef = 7C8C67EF225FD61F000116B3 /* MovieCategory.swift */; };
		7C8C67F2225FD68F000116B3 /* MovieController.swift in Sources */ = {isa = PBXBuildFile; fileRef = 7C8C67F1225FD68F000116B3 /* MovieController.swift */; };
		7C8C67F5225FD73A000116B3 /* Networking.swift in Sources */ = {isa = PBXBuildFile; fileRef = 7C8C67F4225FD73A000116B3 /* Networking.swift */; };
		7C8C67F8225FD786000116B3 /* Response.swift in Sources */ = {isa = PBXBuildFile; fileRef = 7C8C67F7225FD786000116B3 /* Response.swift */; };
		7C8C67FA225FD7DF000116B3 /* TestViewController.swift in Sources */ = {isa = PBXBuildFile; fileRef = 7C8C67F9225FD7DF000116B3 /* TestViewController.swift */; };
		7C8C67FC225FDC22000116B3 /* ConnectionController.swift in Sources */ = {isa = PBXBuildFile; fileRef = 7C8C67FB225FDC22000116B3 /* ConnectionController.swift */; };
/* End PBXBuildFile section */

/* Begin PBXFileReference section */
		7C8C67D4225FD2F9000116B3 /* movies.app */ = {isa = PBXFileReference; explicitFileType = wrapper.application; includeInIndex = 0; path = movies.app; sourceTree = BUILT_PRODUCTS_DIR; };
		7C8C67D7225FD2F9000116B3 /* AppDelegate.swift */ = {isa = PBXFileReference; lastKnownFileType = sourcecode.swift; path = AppDelegate.swift; sourceTree = "<group>"; };
		7C8C67DC225FD2F9000116B3 /* Base */ = {isa = PBXFileReference; lastKnownFileType = file.storyboard; name = Base; path = Base.lproj/Main.storyboard; sourceTree = "<group>"; };
		7C8C67DE225FD2FA000116B3 /* Assets.xcassets */ = {isa = PBXFileReference; lastKnownFileType = folder.assetcatalog; path = Assets.xcassets; sourceTree = "<group>"; };
		7C8C67E1225FD2FA000116B3 /* Base */ = {isa = PBXFileReference; lastKnownFileType = file.storyboard; name = Base; path = Base.lproj/LaunchScreen.storyboard; sourceTree = "<group>"; };
		7C8C67E3225FD2FA000116B3 /* Info.plist */ = {isa = PBXFileReference; lastKnownFileType = text.plist.xml; path = Info.plist; sourceTree = "<group>"; };
		7C8C67EA225FD586000116B3 /* Movie.swift */ = {isa = PBXFileReference; lastKnownFileType = sourcecode.swift; path = Movie.swift; sourceTree = "<group>"; };
		7C8C67ED225FD5CE000116B3 /* MovieDetails.swift */ = {isa = PBXFileReference; lastKnownFileType = sourcecode.swift; path = MovieDetails.swift; sourceTree = "<group>"; };
		7C8C67EF225FD61F000116B3 /* MovieCategory.swift */ = {isa = PBXFileReference; lastKnownFileType = sourcecode.swift; path = MovieCategory.swift; sourceTree = "<group>"; };
		7C8C67F1225FD68F000116B3 /* MovieController.swift */ = {isa = PBXFileReference; lastKnownFileType = sourcecode.swift; path = MovieController.swift; sourceTree = "<group>"; };
		7C8C67F4225FD73A000116B3 /* Networking.swift */ = {isa = PBXFileReference; lastKnownFileType = sourcecode.swift; path = Networking.swift; sourceTree = "<group>"; };
		7C8C67F7225FD786000116B3 /* Response.swift */ = {isa = PBXFileReference; lastKnownFileType = sourcecode.swift; path = Response.swift; sourceTree = "<group>"; };
		7C8C67F9225FD7DF000116B3 /* TestViewController.swift */ = {isa = PBXFileReference; lastKnownFileType = sourcecode.swift; path = TestViewController.swift; sourceTree = "<group>"; };
		7C8C67FB225FDC22000116B3 /* ConnectionController.swift */ = {isa = PBXFileReference; lastKnownFileType = sourcecode.swift; path = ConnectionController.swift; sourceTree = "<group>"; };
/* End PBXFileReference section */

/* Begin PBXFrameworksBuildPhase section */
		7C8C67D1225FD2F9000116B3 /* Frameworks */ = {
			isa = PBXFrameworksBuildPhase;
			buildActionMask = 2147483647;
			files = (
			);
			runOnlyForDeploymentPostprocessing = 0;
		};
/* End PBXFrameworksBuildPhase section */

/* Begin PBXGroup section */
		7C8C67CB225FD2F9000116B3 = {
			isa = PBXGroup;
			children = (
				7C8C67D6225FD2F9000116B3 /* movies */,
				7C8C67D5225FD2F9000116B3 /* Products */,
			);
			sourceTree = "<group>";
		};
		7C8C67D5225FD2F9000116B3 /* Products */ = {
			isa = PBXGroup;
			children = (
				7C8C67D4225FD2F9000116B3 /* movies.app */,
			);
			name = Products;
			sourceTree = "<group>";
		};
		7C8C67D6225FD2F9000116B3 /* movies */ = {
			isa = PBXGroup;
			children = (
				7C8C67DB225FD2F9000116B3 /* Main.storyboard */,
				7C8C67F9225FD7DF000116B3 /* TestViewController.swift */,
				7C8C67EC225FD58A000116B3 /* Model */,
				7C8C67F3225FD69B000116B3 /* Controller */,
				7C8C67F6225FD760000116B3 /* Helpers */,
				7C8C67E9225FD50A000116B3 /* Resources */,
			);
			path = movies;
			sourceTree = "<group>";
		};
		7C8C67E9225FD50A000116B3 /* Resources */ = {
			isa = PBXGroup;
			children = (
				7C8C67D7225FD2F9000116B3 /* AppDelegate.swift */,
				7C8C67DE225FD2FA000116B3 /* Assets.xcassets */,
				7C8C67E0225FD2FA000116B3 /* LaunchScreen.storyboard */,
				7C8C67E3225FD2FA000116B3 /* Info.plist */,
			);
			path = Resources;
			sourceTree = "<group>";
		};
		7C8C67EC225FD58A000116B3 /* Model */ = {
			isa = PBXGroup;
			children = (
				7C8C67EA225FD586000116B3 /* Movie.swift */,
				7C8C67ED225FD5CE000116B3 /* MovieDetails.swift */,
				7C8C67EF225FD61F000116B3 /* MovieCategory.swift */,
				7C8C67F7225FD786000116B3 /* Response.swift */,
			);
			path = Model;
			sourceTree = "<group>";
		};
		7C8C67F3225FD69B000116B3 /* Controller */ = {
			isa = PBXGroup;
			children = (
				7C8C67F1225FD68F000116B3 /* MovieController.swift */,
				7C8C67FB225FDC22000116B3 /* ConnectionController.swift */,
			);
			path = Controller;
			sourceTree = "<group>";
		};
		7C8C67F6225FD760000116B3 /* Helpers */ = {
			isa = PBXGroup;
			children = (
				7C8C67F4225FD73A000116B3 /* Networking.swift */,
			);
			path = Helpers;
			sourceTree = "<group>";
		};
/* End PBXGroup section */

/* Begin PBXNativeTarget section */
		7C8C67D3225FD2F9000116B3 /* movies */ = {
			isa = PBXNativeTarget;
			buildConfigurationList = 7C8C67E6225FD2FA000116B3 /* Build configuration list for PBXNativeTarget "movies" */;
			buildPhases = (
				7C8C67D0225FD2F9000116B3 /* Sources */,
				7C8C67D1225FD2F9000116B3 /* Frameworks */,
				7C8C67D2225FD2F9000116B3 /* Resources */,
			);
			buildRules = (
			);
			dependencies = (
			);
			name = movies;
			productName = movies;
			productReference = 7C8C67D4225FD2F9000116B3 /* movies.app */;
			productType = "com.apple.product-type.application";
		};
/* End PBXNativeTarget section */

/* Begin PBXProject section */
		7C8C67CC225FD2F9000116B3 /* Project object */ = {
			isa = PBXProject;
			attributes = {
				LastSwiftUpdateCheck = 1010;
				LastUpgradeCheck = 1010;
				ORGANIZATIONNAME = "Jatin Menghani";
				TargetAttributes = {
					7C8C67D3225FD2F9000116B3 = {
						CreatedOnToolsVersion = 10.1;
					};
				};
			};
			buildConfigurationList = 7C8C67CF225FD2F9000116B3 /* Build configuration list for PBXProject "movies" */;
			compatibilityVersion = "Xcode 9.3";
			developmentRegion = en;
			hasScannedForEncodings = 0;
			knownRegions = (
				en,
				Base,
			);
			mainGroup = 7C8C67CB225FD2F9000116B3;
			productRefGroup = 7C8C67D5225FD2F9000116B3 /* Products */;
			projectDirPath = "";
			projectRoot = "";
			targets = (
				7C8C67D3225FD2F9000116B3 /* movies */,
			);
		};
/* End PBXProject section */

/* Begin PBXResourcesBuildPhase section */
		7C8C67D2225FD2F9000116B3 /* Resources */ = {
			isa = PBXResourcesBuildPhase;
			buildActionMask = 2147483647;
			files = (
				7C8C67E2225FD2FA000116B3 /* LaunchScreen.storyboard in Resources */,
				7C8C67DF225FD2FA000116B3 /* Assets.xcassets in Resources */,
				7C8C67DD225FD2F9000116B3 /* Main.storyboard in Resources */,
			);
			runOnlyForDeploymentPostprocessing = 0;
		};
/* End PBXResourcesBuildPhase section */

/* Begin PBXSourcesBuildPhase section */
		7C8C67D0225FD2F9000116B3 /* Sources */ = {
			isa = PBXSourcesBuildPhase;
			buildActionMask = 2147483647;
			files = (
				7C8C67F0225FD61F000116B3 /* MovieCategory.swift in Sources */,
				7C8C67FC225FDC22000116B3 /* ConnectionController.swift in Sources */,
				7C8C67F2225FD68F000116B3 /* MovieController.swift in Sources */,
				7C8C67FA225FD7DF000116B3 /* TestViewController.swift in Sources */,
				7C8C67EB225FD586000116B3 /* Movie.swift in Sources */,
				7C8C67F5225FD73A000116B3 /* Networking.swift in Sources */,
				7C8C67D8225FD2F9000116B3 /* AppDelegate.swift in Sources */,
				7C8C67EE225FD5CE000116B3 /* MovieDetails.swift in Sources */,
				7C8C67F8225FD786000116B3 /* Response.swift in Sources */,
			);
			runOnlyForDeploymentPostprocessing = 0;
		};
/* End PBXSourcesBuildPhase section */

/* Begin PBXVariantGroup section */
		7C8C67DB225FD2F9000116B3 /* Main.storyboard */ = {
			isa = PBXVariantGroup;
			children = (
				7C8C67DC225FD2F9000116B3 /* Base */,
			);
			name = Main.storyboard;
			sourceTree = "<group>";
		};
		7C8C67E0225FD2FA000116B3 /* LaunchScreen.storyboard */ = {
			isa = PBXVariantGroup;
			children = (
				7C8C67E1225FD2FA000116B3 /* Base */,
			);
			name = LaunchScreen.storyboard;
			sourceTree = "<group>";
		};
/* End PBXVariantGroup section */

/* Begin XCBuildConfiguration section */
		7C8C67E4225FD2FA000116B3 /* Debug */ = {
			isa = XCBuildConfiguration;
			buildSettings = {
				ALWAYS_SEARCH_USER_PATHS = NO;
				CLANG_ANALYZER_NONNULL = YES;
				CLANG_ANALYZER_NUMBER_OBJECT_CONVERSION = YES_AGGRESSIVE;
				CLANG_CXX_LANGUAGE_STANDARD = "gnu++14";
				CLANG_CXX_LIBRARY = "libc++";
				CLANG_ENABLE_MODULES = YES;
				CLANG_ENABLE_OBJC_ARC = YES;
				CLANG_ENABLE_OBJC_WEAK = YES;
				CLANG_WARN_BLOCK_CAPTURE_AUTORELEASING = YES;
				CLANG_WARN_BOOL_CONVERSION = YES;
				CLANG_WARN_COMMA = YES;
				CLANG_WARN_CONSTANT_CONVERSION = YES;
				CLANG_WARN_DEPRECATED_OBJC_IMPLEMENTATIONS = YES;
				CLANG_WARN_DIRECT_OBJC_ISA_USAGE = YES_ERROR;
				CLANG_WARN_DOCUMENTATION_COMMENTS = YES;
				CLANG_WARN_EMPTY_BODY = YES;
				CLANG_WARN_ENUM_CONVERSION = YES;
				CLANG_WARN_INFINITE_RECURSION = YES;
				CLANG_WARN_INT_CONVERSION = YES;
				CLANG_WARN_NON_LITERAL_NULL_CONVERSION = YES;
				CLANG_WARN_OBJC_IMPLICIT_RETAIN_SELF = YES;
				CLANG_WARN_OBJC_LITERAL_CONVERSION = YES;
				CLANG_WARN_OBJC_ROOT_CLASS = YES_ERROR;
				CLANG_WARN_RANGE_LOOP_ANALYSIS = YES;
				CLANG_WARN_STRICT_PROTOTYPES = YES;
				CLANG_WARN_SUSPICIOUS_MOVE = YES;
				CLANG_WARN_UNGUARDED_AVAILABILITY = YES_AGGRESSIVE;
				CLANG_WARN_UNREACHABLE_CODE = YES;
				CLANG_WARN__DUPLICATE_METHOD_MATCH = YES;
				CODE_SIGN_IDENTITY = "iPhone Developer";
				COPY_PHASE_STRIP = NO;
				DEBUG_INFORMATION_FORMAT = dwarf;
				ENABLE_STRICT_OBJC_MSGSEND = YES;
				ENABLE_TESTABILITY = YES;
				GCC_C_LANGUAGE_STANDARD = gnu11;
				GCC_DYNAMIC_NO_PIC = NO;
				GCC_NO_COMMON_BLOCKS = YES;
				GCC_OPTIMIZATION_LEVEL = 0;
				GCC_PREPROCESSOR_DEFINITIONS = (
					"DEBUG=1",
					"$(inherited)",
				);
				GCC_WARN_64_TO_32_BIT_CONVERSION = YES;
				GCC_WARN_ABOUT_RETURN_TYPE = YES_ERROR;
				GCC_WARN_UNDECLARED_SELECTOR = YES;
				GCC_WARN_UNINITIALIZED_AUTOS = YES_AGGRESSIVE;
				GCC_WARN_UNUSED_FUNCTION = YES;
				GCC_WARN_UNUSED_VARIABLE = YES;
				IPHONEOS_DEPLOYMENT_TARGET = 12.1;
				MTL_ENABLE_DEBUG_INFO = INCLUDE_SOURCE;
				MTL_FAST_MATH = YES;
				ONLY_ACTIVE_ARCH = YES;
				SDKROOT = iphoneos;
				SWIFT_ACTIVE_COMPILATION_CONDITIONS = DEBUG;
				SWIFT_OPTIMIZATION_LEVEL = "-Onone";
			};
			name = Debug;
		};
		7C8C67E5225FD2FA000116B3 /* Release */ = {
			isa = XCBuildConfiguration;
			buildSettings = {
				ALWAYS_SEARCH_USER_PATHS = NO;
				CLANG_ANALYZER_NONNULL = YES;
				CLANG_ANALYZER_NUMBER_OBJECT_CONVERSION = YES_AGGRESSIVE;
				CLANG_CXX_LANGUAGE_STANDARD = "gnu++14";
				CLANG_CXX_LIBRARY = "libc++";
				CLANG_ENABLE_MODULES = YES;
				CLANG_ENABLE_OBJC_ARC = YES;
				CLANG_ENABLE_OBJC_WEAK = YES;
				CLANG_WARN_BLOCK_CAPTURE_AUTORELEASING = YES;
				CLANG_WARN_BOOL_CONVERSION = YES;
				CLANG_WARN_COMMA = YES;
				CLANG_WARN_CONSTANT_CONVERSION = YES;
				CLANG_WARN_DEPRECATED_OBJC_IMPLEMENTATIONS = YES;
				CLANG_WARN_DIRECT_OBJC_ISA_USAGE = YES_ERROR;
				CLANG_WARN_DOCUMENTATION_COMMENTS = YES;
				CLANG_WARN_EMPTY_BODY = YES;
				CLANG_WARN_ENUM_CONVERSION = YES;
				CLANG_WARN_INFINITE_RECURSION = YES;
				CLANG_WARN_INT_CONVERSION = YES;
				CLANG_WARN_NON_LITERAL_NULL_CONVERSION = YES;
				CLANG_WARN_OBJC_IMPLICIT_RETAIN_SELF = YES;
				CLANG_WARN_OBJC_LITERAL_CONVERSION = YES;
				CLANG_WARN_OBJC_ROOT_CLASS = YES_ERROR;
				CLANG_WARN_RANGE_LOOP_ANALYSIS = YES;
				CLANG_WARN_STRICT_PROTOTYPES = YES;
				CLANG_WARN_SUSPICIOUS_MOVE = YES;
				CLANG_WARN_UNGUARDED_AVAILABILITY = YES_AGGRESSIVE;
				CLANG_WARN_UNREACHABLE_CODE = YES;
				CLANG_WARN__DUPLICATE_METHOD_MATCH = YES;
				CODE_SIGN_IDENTITY = "iPhone Developer";
				COPY_PHASE_STRIP = NO;
				DEBUG_INFORMATION_FORMAT = "dwarf-with-dsym";
				ENABLE_NS_ASSERTIONS = NO;
				ENABLE_STRICT_OBJC_MSGSEND = YES;
				GCC_C_LANGUAGE_STANDARD = gnu11;
				GCC_NO_COMMON_BLOCKS = YES;
				GCC_WARN_64_TO_32_BIT_CONVERSION = YES;
				GCC_WARN_ABOUT_RETURN_TYPE = YES_ERROR;
				GCC_WARN_UNDECLARED_SELECTOR = YES;
				GCC_WARN_UNINITIALIZED_AUTOS = YES_AGGRESSIVE;
				GCC_WARN_UNUSED_FUNCTION = YES;
				GCC_WARN_UNUSED_VARIABLE = YES;
				IPHONEOS_DEPLOYMENT_TARGET = 12.1;
				MTL_ENABLE_DEBUG_INFO = NO;
				MTL_FAST_MATH = YES;
				SDKROOT = iphoneos;
				SWIFT_COMPILATION_MODE = wholemodule;
				SWIFT_OPTIMIZATION_LEVEL = "-O";
				VALIDATE_PRODUCT = YES;
			};
			name = Release;
		};
		7C8C67E7225FD2FA000116B3 /* Debug */ = {
			isa = XCBuildConfiguration;
			buildSettings = {
				ASSETCATALOG_COMPILER_APPICON_NAME = AppIcon;
				CODE_SIGN_STYLE = Automatic;
				DEVELOPMENT_TEAM = M67BJVKLC2;
				INFOPLIST_FILE = "$(SRCROOT)/movies/Resources/Info.plist";
				LD_RUNPATH_SEARCH_PATHS = (
					"$(inherited)",
					"@executable_path/Frameworks",
				);
				PRODUCT_BUNDLE_IDENTIFIER = com.jatinmenghani.movies;
				PRODUCT_NAME = "$(TARGET_NAME)";
				SWIFT_VERSION = 4.2;
				TARGETED_DEVICE_FAMILY = "1,2";
			};
			name = Debug;
		};
		7C8C67E8225FD2FA000116B3 /* Release */ = {
			isa = XCBuildConfiguration;
			buildSettings = {
				ASSETCATALOG_COMPILER_APPICON_NAME = AppIcon;
				CODE_SIGN_STYLE = Automatic;
				DEVELOPMENT_TEAM = M67BJVKLC2;
				INFOPLIST_FILE = "$(SRCROOT)/movies/Resources/Info.plist";
				LD_RUNPATH_SEARCH_PATHS = (
					"$(inherited)",
					"@executable_path/Frameworks",
				);
				PRODUCT_BUNDLE_IDENTIFIER = com.jatinmenghani.movies;
				PRODUCT_NAME = "$(TARGET_NAME)";
				SWIFT_VERSION = 4.2;
				TARGETED_DEVICE_FAMILY = "1,2";
			};
			name = Release;
		};
/* End XCBuildConfiguration section */

/* Begin XCConfigurationList section */
		7C8C67CF225FD2F9000116B3 /* Build configuration list for PBXProject "movies" */ = {
			isa = XCConfigurationList;
			buildConfigurations = (
				7C8C67E4225FD2FA000116B3 /* Debug */,
				7C8C67E5225FD2FA000116B3 /* Release */,
			);
			defaultConfigurationIsVisible = 0;
			defaultConfigurationName = Release;
		};
		7C8C67E6225FD2FA000116B3 /* Build configuration list for PBXNativeTarget "movies" */ = {
			isa = XCConfigurationList;
			buildConfigurations = (
				7C8C67E7225FD2FA000116B3 /* Debug */,
				7C8C67E8225FD2FA000116B3 /* Release */,
			);
			defaultConfigurationIsVisible = 0;
			defaultConfigurationName = Release;
		};
/* End XCConfigurationList section */
	};
	rootObject = 7C8C67CC225FD2F9000116B3 /* Project object */;
}
